{
  "version": "v1",
  "packages": {
    "@pw-tech/web-circuit": {
      "signature": "a98c50245bcb19db3c6b7ccbef3153d7",
      "file": true,
      "replaced": "0.0.0-alpha-0.1"
    },
    "@pw-tech/omni-context": {
      "signature": "b6475b5e70a4a4151d2eb281fa0b0628",
      "file": true
    }
  }
}